{
    "_meta": {
        "hash": {
            "sha256": "09fcee1876e20f0c1dd70ea3d418005491defe50f447338ba82db6210fbc9f11"
        },
        "pipfile-spec": 6,
        "requires": {
            "python_version": "3.8"
        },
        "sources": [
            {
                "name": "pypi",
                "url": "https://pypi.org/simple",
                "verify_ssl": true
            }
        ]
    },
    "default": {
        "ansi2html": {
            "hashes": [
                "sha256:50517716d2e54f4167dadcec583fc7339e3684e4ff50a5f3d516fc8b54ce5875",
                "sha256:69316be8c68ac91c5582d397c2890e69c993cc7cda52062ac7e45fcb660d8edc"
            ],
            "index": "pypi",
            "version": "==1.7.0"
        }
    },
    "develop": {}
}
